
Microsoft Visual Studio Solution File, Format Version 12.00
# Visual Studio 15
VisualStudioVersion = 15.0.28307.1525
MinimumVisualStudioVersion = 10.0.40219.1
Project("{FAE04EC0-301F-11D3-BF4B-00C04F79EFBC}") = "COVID-19 Vacination", "COVID-19 Vacination\COVID-19 Vacination.csproj", "{0A368536-D5E1-4285-8263-0D408DE428E1}"
EndProject
Global
	GlobalSection(SolutionConfigurationPlatforms) = preSolution
		Debug|Any CPU = Debug|Any CPU
		Release|Any CPU = Release|Any CPU
	EndGlobalSection
	GlobalSection(ProjectConfigurationPlatforms) = postSolution
		{0A368536-D5E1-4285-8263-0D408DE428E1}.Debug|Any CPU.ActiveCfg = Debug|Any CPU
		{0A368536-D5E1-4285-8263-0D408DE428E1}.Debug|Any CPU.Build.0 = Debug|Any CPU
		{0A368536-D5E1-4285-8263-0D408DE428E1}.Release|Any CPU.ActiveCfg = Release|Any CPU
		{0A368536-D5E1-4285-8263-0D408DE428E1}.Release|Any CPU.Build.0 = Release|Any CPU
	EndGlobalSection
	GlobalSection(SolutionProperties) = preSolution
		HideSolutionNode = FALSE
	EndGlobalSection
	GlobalSection(ExtensibilityGlobals) = postSolution
		SolutionGuid = {7351D021-E21E-4156-8598-9AA09222A79C}
	EndGlobalSection
EndGlobal
